
Microsoft Visual Studio Solution File, Format Version 12.00
# Visual Studio 15
VisualStudioVersion = 15.0.28307.1209
MinimumVisualStudioVersion = 10.0.40219.1
Project("{8BC9CEB8-8B4A-11D0-8D11-00A0C91BC942}") = "Network03", "NetworkProject\NetworkProject.vcxproj", "{740B3AAF-17E7-4138-B52F-BA491F2D932C}"
EndProject
Project("{8BC9CEB8-8B4A-11D0-8D11-00A0C91BC942}") = "Network02", "Network02\Network02.vcxproj", "{4D83BE04-07E7-46AB-993F-BEE9E098173E}"
EndProject
Project("{8BC9CEB8-8B4A-11D0-8D11-00A0C91BC942}") = "Network04", "Network04\Network04.vcxproj", "{69948B01-2600-432A-AEBB-435F35E90EE0}"
EndProject
Project("{8BC9CEB8-8B4A-11D0-8D11-00A0C91BC942}") = "Network01", "Network01\Network01.vcxproj", "{29425F39-4BD3-404C-B454-B525505092AF}"
EndProject
Project("{8BC9CEB8-8B4A-11D0-8D11-00A0C91BC942}") = "Network05_server", "Network05_server\Network05_server.vcxproj", "{74A3E689-F3C3-4F72-86E9-805DD70F25AD}"
EndProject
Project("{8BC9CEB8-8B4A-11D0-8D11-00A0C91BC942}") = "Network05_client", "Network05_client\Network05_client.vcxproj", "{FDE30A31-3194-4709-9D00-4FD6AEBFF4A9}"
EndProject
Global
	GlobalSection(SolutionConfigurationPlatforms) = preSolution
		Debug|x64 = Debug|x64
		Debug|x86 = Debug|x86
		Release|x64 = Release|x64
		Release|x86 = Release|x86
	EndGlobalSection
	GlobalSection(ProjectConfigurationPlatforms) = postSolution
		{740B3AAF-17E7-4138-B52F-BA491F2D932C}.Debug|x64.ActiveCfg = Debug|x64
		{740B3AAF-17E7-4138-B52F-BA491F2D932C}.Debug|x64.Build.0 = Debug|x64
		{740B3AAF-17E7-4138-B52F-BA491F2D932C}.Debug|x86.ActiveCfg = Debug|Win32
		{740B3AAF-17E7-4138-B52F-BA491F2D932C}.Debug|x86.Build.0 = Debug|Win32
		{740B3AAF-17E7-4138-B52F-BA491F2D932C}.Release|x64.ActiveCfg = Release|x64
		{740B3AAF-17E7-4138-B52F-BA491F2D932C}.Release|x64.Build.0 = Release|x64
		{740B3AAF-17E7-4138-B52F-BA491F2D932C}.Release|x86.ActiveCfg = Release|Win32
		{740B3AAF-17E7-4138-B52F-BA491F2D932C}.Release|x86.Build.0 = Release|Win32
		{4D83BE04-07E7-46AB-993F-BEE9E098173E}.Debug|x64.ActiveCfg = Debug|x64
		{4D83BE04-07E7-46AB-993F-BEE9E098173E}.Debug|x64.Build.0 = Debug|x64
		{4D83BE04-07E7-46AB-993F-BEE9E098173E}.Debug|x86.ActiveCfg = Debug|Win32
		{4D83BE04-07E7-46AB-993F-BEE9E098173E}.Debug|x86.Build.0 = Debug|Win32
		{4D83BE04-07E7-46AB-993F-BEE9E098173E}.Release|x64.ActiveCfg = Release|x64
		{4D83BE04-07E7-46AB-993F-BEE9E098173E}.Release|x64.Build.0 = Release|x64
		{4D83BE04-07E7-46AB-993F-BEE9E098173E}.Release|x86.ActiveCfg = Release|Win32
		{4D83BE04-07E7-46AB-993F-BEE9E098173E}.Release|x86.Build.0 = Release|Win32
		{69948B01-2600-432A-AEBB-435F35E90EE0}.Debug|x64.ActiveCfg = Debug|x64
		{69948B01-2600-432A-AEBB-435F35E90EE0}.Debug|x64.Build.0 = Debug|x64
		{69948B01-2600-432A-AEBB-435F35E90EE0}.Debug|x86.ActiveCfg = Debug|Win32
		{69948B01-2600-432A-AEBB-435F35E90EE0}.Debug|x86.Build.0 = Debug|Win32
		{69948B01-2600-432A-AEBB-435F35E90EE0}.Release|x64.ActiveCfg = Release|x64
		{69948B01-2600-432A-AEBB-435F35E90EE0}.Release|x64.Build.0 = Release|x64
		{69948B01-2600-432A-AEBB-435F35E90EE0}.Release|x86.ActiveCfg = Release|Win32
		{69948B01-2600-432A-AEBB-435F35E90EE0}.Release|x86.Build.0 = Release|Win32
		{29425F39-4BD3-404C-B454-B525505092AF}.Debug|x64.ActiveCfg = Debug|x64
		{29425F39-4BD3-404C-B454-B525505092AF}.Debug|x64.Build.0 = Debug|x64
		{29425F39-4BD3-404C-B454-B525505092AF}.Debug|x86.ActiveCfg = Debug|Win32
		{29425F39-4BD3-404C-B454-B525505092AF}.Debug|x86.Build.0 = Debug|Win32
		{29425F39-4BD3-404C-B454-B525505092AF}.Release|x64.ActiveCfg = Release|x64
		{29425F39-4BD3-404C-B454-B525505092AF}.Release|x64.Build.0 = Release|x64
		{29425F39-4BD3-404C-B454-B525505092AF}.Release|x86.ActiveCfg = Release|Win32
		{29425F39-4BD3-404C-B454-B525505092AF}.Release|x86.Build.0 = Release|Win32
		{74A3E689-F3C3-4F72-86E9-805DD70F25AD}.Debug|x64.ActiveCfg = Debug|x64
		{74A3E689-F3C3-4F72-86E9-805DD70F25AD}.Debug|x64.Build.0 = Debug|x64
		{74A3E689-F3C3-4F72-86E9-805DD70F25AD}.Debug|x86.ActiveCfg = Debug|Win32
		{74A3E689-F3C3-4F72-86E9-805DD70F25AD}.Debug|x86.Build.0 = Debug|Win32
		{74A3E689-F3C3-4F72-86E9-805DD70F25AD}.Release|x64.ActiveCfg = Release|x64
		{74A3E689-F3C3-4F72-86E9-805DD70F25AD}.Release|x64.Build.0 = Release|x64
		{74A3E689-F3C3-4F72-86E9-805DD70F25AD}.Release|x86.ActiveCfg = Release|Win32
		{74A3E689-F3C3-4F72-86E9-805DD70F25AD}.Release|x86.Build.0 = Release|Win32
		{FDE30A31-3194-4709-9D00-4FD6AEBFF4A9}.Debug|x64.ActiveCfg = Debug|x64
		{FDE30A31-3194-4709-9D00-4FD6AEBFF4A9}.Debug|x64.Build.0 = Debug|x64
		{FDE30A31-3194-4709-9D00-4FD6AEBFF4A9}.Debug|x86.ActiveCfg = Debug|Win32
		{FDE30A31-3194-4709-9D00-4FD6AEBFF4A9}.Debug|x86.Build.0 = Debug|Win32
		{FDE30A31-3194-4709-9D00-4FD6AEBFF4A9}.Release|x64.ActiveCfg = Release|x64
		{FDE30A31-3194-4709-9D00-4FD6AEBFF4A9}.Release|x64.Build.0 = Release|x64
		{FDE30A31-3194-4709-9D00-4FD6AEBFF4A9}.Release|x86.ActiveCfg = Release|Win32
		{FDE30A31-3194-4709-9D00-4FD6AEBFF4A9}.Release|x86.Build.0 = Release|Win32
	EndGlobalSection
	GlobalSection(SolutionProperties) = preSolution
		HideSolutionNode = FALSE
	EndGlobalSection
	GlobalSection(ExtensibilityGlobals) = postSolution
		SolutionGuid = {0C8FD235-B297-4B0D-8C83-7FA1A19584DA}
	EndGlobalSection
EndGlobal
